
Microsoft Visual Studio Solution File, Format Version 12.00
# Visual Studio Version 17
VisualStudioVersion = 17.6.33723.286
MinimumVisualStudioVersion = 10.0.40219.1
Project("{FAE04EC0-301F-11D3-BF4B-00C04F79EFBC}") = "Challenges - contitional Statements", "Challenges - contitional Statements\Challenges - contitional Statements.csproj", "{824DE424-84D5-42CF-95A6-99DB6E466EC0}"
EndProject
Global
	GlobalSection(SolutionConfigurationPlatforms) = preSolution
		Debug|Any CPU = Debug|Any CPU
		Release|Any CPU = Release|Any CPU
	EndGlobalSection
	GlobalSection(ProjectConfigurationPlatforms) = postSolution
		{824DE424-84D5-42CF-95A6-99DB6E466EC0}.Debug|Any CPU.ActiveCfg = Debug|Any CPU
		{824DE424-84D5-42CF-95A6-99DB6E466EC0}.Debug|Any CPU.Build.0 = Debug|Any CPU
		{824DE424-84D5-42CF-95A6-99DB6E466EC0}.Release|Any CPU.ActiveCfg = Release|Any CPU
		{824DE424-84D5-42CF-95A6-99DB6E466EC0}.Release|Any CPU.Build.0 = Release|Any CPU
	EndGlobalSection
	GlobalSection(SolutionProperties) = preSolution
		HideSolutionNode = FALSE
	EndGlobalSection
	GlobalSection(ExtensibilityGlobals) = postSolution
		SolutionGuid = {706B3777-75F9-4145-84D7-906262E7526A}
	EndGlobalSection
EndGlobal
